{
  "version": 4,
  "terraform_version": "1.12.2",
  "serial": 7,
  "lineage": "9122a200-f39f-dd18-ce6c-6ab2f45d67dd",
  "outputs": {},
  "resources": [
    {
      "mode": "managed",
      "type": "koyeb_app",
      "name": "backend",
      "provider": "provider[\"registry.terraform.io/koyeb/koyeb\"]",
      "instances": [
        {
          "schema_version": 0,
          "attributes": {
            "created_at": "2025-06-14 03:45:47.571124 +0000 UTC",
            "domains": [],
            "id": "f64adca5-88b1-4504-b59d-d67a515f7410",
            "name": "backend-tyvaa",
            "organization_id": "5cf7c16d-424e-4589-9c27-27b4081173e6",
            "updated_at": "2025-06-14 04:41:30.817479 +0000 UTC"
          },
          "sensitive_attributes": [],
          "identity_schema_version": 0,
          "private": "bnVsbA=="
        }
      ]
    }
  ],
  "check_results": null
}
